
Microsoft Visual Studio Solution File, Format Version 12.00
# Visual Studio Version 17
VisualStudioVersion = 17.7.34009.444
MinimumVisualStudioVersion = 10.0.40219.1
Project("{FAE04EC0-301F-11D3-BF4B-00C04F79EFBC}") = "HW_13", "HW_13\HW_13.csproj", "{0F4F4B01-E4E8-41ED-B9C2-659EF166DFC2}"
EndProject
Global
	GlobalSection(SolutionConfigurationPlatforms) = preSolution
		Debug|Any CPU = Debug|Any CPU
		Release|Any CPU = Release|Any CPU
	EndGlobalSection
	GlobalSection(ProjectConfigurationPlatforms) = postSolution
		{0F4F4B01-E4E8-41ED-B9C2-659EF166DFC2}.Debug|Any CPU.ActiveCfg = Debug|Any CPU
		{0F4F4B01-E4E8-41ED-B9C2-659EF166DFC2}.Debug|Any CPU.Build.0 = Debug|Any CPU
		{0F4F4B01-E4E8-41ED-B9C2-659EF166DFC2}.Release|Any CPU.ActiveCfg = Release|Any CPU
		{0F4F4B01-E4E8-41ED-B9C2-659EF166DFC2}.Release|Any CPU.Build.0 = Release|Any CPU
	EndGlobalSection
	GlobalSection(SolutionProperties) = preSolution
		HideSolutionNode = FALSE
	EndGlobalSection
	GlobalSection(ExtensibilityGlobals) = postSolution
		SolutionGuid = {FD32349C-CD51-457D-ACF8-079EB6778866}
	EndGlobalSection
EndGlobal
